
Microsoft Visual Studio Solution File, Format Version 12.00
# Visual Studio Version 17
VisualStudioVersion = 17.0.31903.59
MinimumVisualStudioVersion = 10.0.40219.1
Project("{FAE04EC0-301F-11D3-BF4B-00C04F79EFBC}") = "PracticeApp", "PracticeApp\PracticeApp.csproj", "{E06083FF-B452-429F-8022-7A8FF1706CE9}"
EndProject
Project("{FAE04EC0-301F-11D3-BF4B-00C04F79EFBC}") = "PracticeTest", "PracticeTest\PracticeTest.csproj", "{62349EFA-E4C0-42D4-9A27-A154EF6D8BF3}"
EndProject
Global
	GlobalSection(SolutionConfigurationPlatforms) = preSolution
		Debug|Any CPU = Debug|Any CPU
		Release|Any CPU = Release|Any CPU
	EndGlobalSection
	GlobalSection(SolutionProperties) = preSolution
		HideSolutionNode = FALSE
	EndGlobalSection
	GlobalSection(ProjectConfigurationPlatforms) = postSolution
		{E06083FF-B452-429F-8022-7A8FF1706CE9}.Debug|Any CPU.ActiveCfg = Debug|Any CPU
		{E06083FF-B452-429F-8022-7A8FF1706CE9}.Debug|Any CPU.Build.0 = Debug|Any CPU
		{E06083FF-B452-429F-8022-7A8FF1706CE9}.Release|Any CPU.ActiveCfg = Release|Any CPU
		{E06083FF-B452-429F-8022-7A8FF1706CE9}.Release|Any CPU.Build.0 = Release|Any CPU
		{62349EFA-E4C0-42D4-9A27-A154EF6D8BF3}.Debug|Any CPU.ActiveCfg = Debug|Any CPU
		{62349EFA-E4C0-42D4-9A27-A154EF6D8BF3}.Debug|Any CPU.Build.0 = Debug|Any CPU
		{62349EFA-E4C0-42D4-9A27-A154EF6D8BF3}.Release|Any CPU.ActiveCfg = Release|Any CPU
		{62349EFA-E4C0-42D4-9A27-A154EF6D8BF3}.Release|Any CPU.Build.0 = Release|Any CPU
	EndGlobalSection
EndGlobal
